// !$*UTF8*$!
{
	archiveVersion = 1;
	classes = {
	};
	objectVersion = 50;
	objects = {

/* Begin PBXBuildFile section */
		3956FA3B247C21320001129D /* AppDelegate.swift in Sources */ = {isa = PBXBuildFile; fileRef = 3956FA3A247C21320001129D /* AppDelegate.swift */; };
		3956FA3D247C21320001129D /* ContentView.swift in Sources */ = {isa = PBXBuildFile; fileRef = 3956FA3C247C21320001129D /* ContentView.swift */; };
		3956FA3F247C21360001129D /* Assets.xcassets in Resources */ = {isa = PBXBuildFile; fileRef = 3956FA3E247C21360001129D /* Assets.xcassets */; };
		3956FA42247C21360001129D /* Preview Assets.xcassets in Resources */ = {isa = PBXBuildFile; fileRef = 3956FA41247C21360001129D /* Preview Assets.xcassets */; };
		3956FA45247C21360001129D /* Main.storyboard in Resources */ = {isa = PBXBuildFile; fileRef = 3956FA43247C21360001129D /* Main.storyboard */; };
		3956FA63247D52520001129D /* ConversionHandler.swift in Sources */ = {isa = PBXBuildFile; fileRef = 3956FA62247D52520001129D /* ConversionHandler.swift */; };
		3956FA68247D8B730001129D /* ActivityIndicator.swift in Sources */ = {isa = PBXBuildFile; fileRef = 3956FA67247D8B730001129D /* ActivityIndicator.swift */; };
/* End PBXBuildFile section */

/* Begin PBXFileReference section */
		3956FA37247C21320001129D /* Claudio.app */ = {isa = PBXFileReference; explicitFileType = wrapper.application; includeInIndex = 0; path = Claudio.app; sourceTree = BUILT_PRODUCTS_DIR; };
		3956FA3A247C21320001129D /* AppDelegate.swift */ = {isa = PBXFileReference; lastKnownFileType = sourcecode.swift; path = AppDelegate.swift; sourceTree = "<group>"; };
		3956FA3C247C21320001129D /* ContentView.swift */ = {isa = PBXFileReference; lastKnownFileType = sourcecode.swift; path = ContentView.swift; sourceTree = "<group>"; };
		3956FA3E247C21360001129D /* Assets.xcassets */ = {isa = PBXFileReference; lastKnownFileType = folder.assetcatalog; path = Assets.xcassets; sourceTree = "<group>"; };
		3956FA41247C21360001129D /* Preview Assets.xcassets */ = {isa = PBXFileReference; lastKnownFileType = folder.assetcatalog; path = "Preview Assets.xcassets"; sourceTree = "<group>"; };
		3956FA44247C21360001129D /* Base */ = {isa = PBXFileReference; lastKnownFileType = file.storyboard; name = Base; path = Base.lproj/Main.storyboard; sourceTree = "<group>"; };
		3956FA46247C21360001129D /* Info.plist */ = {isa = PBXFileReference; lastKnownFileType = text.plist.xml; path = Info.plist; sourceTree = "<group>"; };
		3956FA47247C21360001129D /* Claudio.entitlements */ = {isa = PBXFileReference; lastKnownFileType = text.plist.entitlements; path = Claudio.entitlements; sourceTree = "<group>"; };
		3956FA62247D52520001129D /* ConversionHandler.swift */ = {isa = PBXFileReference; lastKnownFileType = sourcecode.swift; path = ConversionHandler.swift; sourceTree = "<group>"; };
		3956FA67247D8B730001129D /* ActivityIndicator.swift */ = {isa = PBXFileReference; lastKnownFileType = sourcecode.swift; path = ActivityIndicator.swift; sourceTree = "<group>"; };
/* End PBXFileReference section */

/* Begin PBXFrameworksBuildPhase section */
		3956FA34247C21320001129D /* Frameworks */ = {
			isa = PBXFrameworksBuildPhase;
			buildActionMask = 2147483647;
			files = (
			);
			runOnlyForDeploymentPostprocessing = 0;
		};
/* End PBXFrameworksBuildPhase section */

/* Begin PBXGroup section */
		3956FA2E247C21320001129D = {
			isa = PBXGroup;
			children = (
				3956FA39247C21320001129D /* Claudio */,
				3956FA38247C21320001129D /* Products */,
			);
			sourceTree = "<group>";
		};
		3956FA38247C21320001129D /* Products */ = {
			isa = PBXGroup;
			children = (
				3956FA37247C21320001129D /* Claudio.app */,
			);
			name = Products;
			sourceTree = "<group>";
		};
		3956FA39247C21320001129D /* Claudio */ = {
			isa = PBXGroup;
			children = (
				3956FA3A247C21320001129D /* AppDelegate.swift */,
				3956FA3C247C21320001129D /* ContentView.swift */,
				3956FA62247D52520001129D /* ConversionHandler.swift */,
				3956FA67247D8B730001129D /* ActivityIndicator.swift */,
				3956FA3E247C21360001129D /* Assets.xcassets */,
				3956FA43247C21360001129D /* Main.storyboard */,
				3956FA46247C21360001129D /* Info.plist */,
				3956FA47247C21360001129D /* Claudio.entitlements */,
				3956FA40247C21360001129D /* Preview Content */,
			);
			path = Claudio;
			sourceTree = "<group>";
		};
		3956FA40247C21360001129D /* Preview Content */ = {
			isa = PBXGroup;
			children = (
				3956FA41247C21360001129D /* Preview Assets.xcassets */,
			);
			path = "Preview Content";
			sourceTree = "<group>";
		};
/* End PBXGroup section */

/* Begin PBXNativeTarget section */
		3956FA36247C21320001129D /* Claudio */ = {
			isa = PBXNativeTarget;
			buildConfigurationList = 3956FA4A247C21360001129D /* Build configuration list for PBXNativeTarget "Claudio" */;
			buildPhases = (
				3956FA33247C21320001129D /* Sources */,
				3956FA34247C21320001129D /* Frameworks */,
				3956FA35247C21320001129D /* Resources */,
			);
			buildRules = (
			);
			dependencies = (
			);
			name = Claudio;
			packageProductDependencies = (
			);
			productName = Claudio;
			productReference = 3956FA37247C21320001129D /* Claudio.app */;
			productType = "com.apple.product-type.application";
		};
/* End PBXNativeTarget section */

/* Begin PBXProject section */
		3956FA2F247C21320001129D /* Project object */ = {
			isa = PBXProject;
			attributes = {
				LastSwiftUpdateCheck = 1150;
				LastUpgradeCheck = 1150;
				ORGANIZATIONNAME = "Kilian Koeltzsch";
				TargetAttributes = {
					3956FA36247C21320001129D = {
						CreatedOnToolsVersion = 11.5;
					};
				};
			};
			buildConfigurationList = 3956FA32247C21320001129D /* Build configuration list for PBXProject "Claudio" */;
			compatibilityVersion = "Xcode 9.3";
			developmentRegion = en;
			hasScannedForEncodings = 0;
			knownRegions = (
				en,
				Base,
			);
			mainGroup = 3956FA2E247C21320001129D;
			packageReferences = (
			);
			productRefGroup = 3956FA38247C21320001129D /* Products */;
			projectDirPath = "";
			projectRoot = "";
			targets = (
				3956FA36247C21320001129D /* Claudio */,
			);
		};
/* End PBXProject section */

/* Begin PBXResourcesBuildPhase section */
		3956FA35247C21320001129D /* Resources */ = {
			isa = PBXResourcesBuildPhase;
			buildActionMask = 2147483647;
			files = (
				3956FA45247C21360001129D /* Main.storyboard in Resources */,
				3956FA42247C21360001129D /* Preview Assets.xcassets in Resources */,
				3956FA3F247C21360001129D /* Assets.xcassets in Resources */,
			);
			runOnlyForDeploymentPostprocessing = 0;
		};
/* End PBXResourcesBuildPhase section */

/* Begin PBXSourcesBuildPhase section */
		3956FA33247C21320001129D /* Sources */ = {
			isa = PBXSourcesBuildPhase;
			buildActionMask = 2147483647;
			files = (
				3956FA68247D8B730001129D /* ActivityIndicator.swift in Sources */,
				3956FA63247D52520001129D /* ConversionHandler.swift in Sources */,
				3956FA3D247C21320001129D /* ContentView.swift in Sources */,
				3956FA3B247C21320001129D /* AppDelegate.swift in Sources */,
			);
			runOnlyForDeploymentPostprocessing = 0;
		};
/* End PBXSourcesBuildPhase section */

/* Begin PBXVariantGroup section */
		3956FA43247C21360001129D /* Main.storyboard */ = {
			isa = PBXVariantGroup;
			children = (
				3956FA44247C21360001129D /* Base */,
			);
			name = Main.storyboard;
			sourceTree = "<group>";
		};
/* End PBXVariantGroup section */

/* Begin XCBuildConfiguration section */
		3956FA48247C21360001129D /* Debug */ = {
			isa = XCBuildConfiguration;
			buildSettings = {
				ALWAYS_SEARCH_USER_PATHS = NO;
				CLANG_ANALYZER_NONNULL = YES;
				CLANG_ANALYZER_NUMBER_OBJECT_CONVERSION = YES_AGGRESSIVE;
				CLANG_CXX_LANGUAGE_STANDARD = "gnu++14";
				CLANG_CXX_LIBRARY = "libc++";
				CLANG_ENABLE_MODULES = YES;
				CLANG_ENABLE_OBJC_ARC = YES;
				CLANG_ENABLE_OBJC_WEAK = YES;
				CLANG_WARN_BLOCK_CAPTURE_AUTORELEASING = YES;
				CLANG_WARN_BOOL_CONVERSION = YES;
				CLANG_WARN_COMMA = YES;
				CLANG_WARN_CONSTANT_CONVERSION = YES;
				CLANG_WARN_DEPRECATED_OBJC_IMPLEMENTATIONS = YES;
				CLANG_WARN_DIRECT_OBJC_ISA_USAGE = YES_ERROR;
				CLANG_WARN_DOCUMENTATION_COMMENTS = YES;
				CLANG_WARN_EMPTY_BODY = YES;
				CLANG_WARN_ENUM_CONVERSION = YES;
				CLANG_WARN_INFINITE_RECURSION = YES;
				CLANG_WARN_INT_CONVERSION = YES;
				CLANG_WARN_NON_LITERAL_NULL_CONVERSION = YES;
				CLANG_WARN_OBJC_IMPLICIT_RETAIN_SELF = YES;
				CLANG_WARN_OBJC_LITERAL_CONVERSION = YES;
				CLANG_WARN_OBJC_ROOT_CLASS = YES_ERROR;
				CLANG_WARN_RANGE_LOOP_ANALYSIS = YES;
				CLANG_WARN_STRICT_PROTOTYPES = YES;
				CLANG_WARN_SUSPICIOUS_MOVE = YES;
				CLANG_WARN_UNGUARDED_AVAILABILITY = YES_AGGRESSIVE;
				CLANG_WARN_UNREACHABLE_CODE = YES;
				CLANG_WARN__DUPLICATE_METHOD_MATCH = YES;
				COPY_PHASE_STRIP = NO;
				DEBUG_INFORMATION_FORMAT = dwarf;
				ENABLE_STRICT_OBJC_MSGSEND = YES;
				ENABLE_TESTABILITY = YES;
				GCC_C_LANGUAGE_STANDARD = gnu11;
				GCC_DYNAMIC_NO_PIC = NO;
				GCC_NO_COMMON_BLOCKS = YES;
				GCC_OPTIMIZATION_LEVEL = 0;
				GCC_PREPROCESSOR_DEFINITIONS = (
					"DEBUG=1",
					"$(inherited)",
				);
				GCC_WARN_64_TO_32_BIT_CONVERSION = YES;
				GCC_WARN_ABOUT_RETURN_TYPE = YES_ERROR;
				GCC_WARN_UNDECLARED_SELECTOR = YES;
				GCC_WARN_UNINITIALIZED_AUTOS = YES_AGGRESSIVE;
				GCC_WARN_UNUSED_FUNCTION = YES;
				GCC_WARN_UNUSED_VARIABLE = YES;
				MACOSX_DEPLOYMENT_TARGET = 10.15;
				MTL_ENABLE_DEBUG_INFO = INCLUDE_SOURCE;
				MTL_FAST_MATH = YES;
				ONLY_ACTIVE_ARCH = YES;
				SDKROOT = macosx;
				SWIFT_ACTIVE_COMPILATION_CONDITIONS = DEBUG;
				SWIFT_OPTIMIZATION_LEVEL = "-Onone";
			};
			name = Debug;
		};
		3956FA49247C21360001129D /* Release */ = {
			isa = XCBuildConfiguration;
			buildSettings = {
				ALWAYS_SEARCH_USER_PATHS = NO;
				CLANG_ANALYZER_NONNULL = YES;
				CLANG_ANALYZER_NUMBER_OBJECT_CONVERSION = YES_AGGRESSIVE;
				CLANG_CXX_LANGUAGE_STANDARD = "gnu++14";
				CLANG_CXX_LIBRARY = "libc++";
				CLANG_ENABLE_MODULES = YES;
				CLANG_ENABLE_OBJC_ARC = YES;
				CLANG_ENABLE_OBJC_WEAK = YES;
				CLANG_WARN_BLOCK_CAPTURE_AUTORELEASING = YES;
				CLANG_WARN_BOOL_CONVERSION = YES;
				CLANG_WARN_COMMA = YES;
				CLANG_WARN_CONSTANT_CONVERSION = YES;
				CLANG_WARN_DEPRECATED_OBJC_IMPLEMENTATIONS = YES;
				CLANG_WARN_DIRECT_OBJC_ISA_USAGE = YES_ERROR;
				CLANG_WARN_DOCUMENTATION_COMMENTS = YES;
				CLANG_WARN_EMPTY_BODY = YES;
				CLANG_WARN_ENUM_CONVERSION = YES;
				CLANG_WARN_INFINITE_RECURSION = YES;
				CLANG_WARN_INT_CONVERSION = YES;
				CLANG_WARN_NON_LITERAL_NULL_CONVERSION = YES;
				CLANG_WARN_OBJC_IMPLICIT_RETAIN_SELF = YES;
				CLANG_WARN_OBJC_LITERAL_CONVERSION = YES;
				CLANG_WARN_OBJC_ROOT_CLASS = YES_ERROR;
				CLANG_WARN_RANGE_LOOP_ANALYSIS = YES;
				CLANG_WARN_STRICT_PROTOTYPES = YES;
				CLANG_WARN_SUSPICIOUS_MOVE = YES;
				CLANG_WARN_UNGUARDED_AVAILABILITY = YES_AGGRESSIVE;
				CLANG_WARN_UNREACHABLE_CODE = YES;
				CLANG_WARN__DUPLICATE_METHOD_MATCH = YES;
				COPY_PHASE_STRIP = NO;
				DEBUG_INFORMATION_FORMAT = "dwarf-with-dsym";
				ENABLE_NS_ASSERTIONS = NO;
				ENABLE_STRICT_OBJC_MSGSEND = YES;
				GCC_C_LANGUAGE_STANDARD = gnu11;
				GCC_NO_COMMON_BLOCKS = YES;
				GCC_WARN_64_TO_32_BIT_CONVERSION = YES;
				GCC_WARN_ABOUT_RETURN_TYPE = YES_ERROR;
				GCC_WARN_UNDECLARED_SELECTOR = YES;
				GCC_WARN_UNINITIALIZED_AUTOS = YES_AGGRESSIVE;
				GCC_WARN_UNUSED_FUNCTION = YES;
				GCC_WARN_UNUSED_VARIABLE = YES;
				MACOSX_DEPLOYMENT_TARGET = 10.15;
				MTL_ENABLE_DEBUG_INFO = NO;
				MTL_FAST_MATH = YES;
				SDKROOT = macosx;
				SWIFT_COMPILATION_MODE = wholemodule;
				SWIFT_OPTIMIZATION_LEVEL = "-O";
			};
			name = Release;
		};
		3956FA4B247C21360001129D /* Debug */ = {
			isa = XCBuildConfiguration;
			buildSettings = {
				ASSETCATALOG_COMPILER_APPICON_NAME = AppIcon;
				CODE_SIGN_ENTITLEMENTS = Claudio/Claudio.entitlements;
				CODE_SIGN_STYLE = Automatic;
				COMBINE_HIDPI_IMAGES = YES;
				DEVELOPMENT_ASSET_PATHS = "\"Claudio/Preview Content\"";
				DEVELOPMENT_TEAM = HU85FER47E;
				ENABLE_HARDENED_RUNTIME = YES;
				ENABLE_PREVIEWS = YES;
				INFOPLIST_FILE = Claudio/Info.plist;
				LD_RUNPATH_SEARCH_PATHS = (
					"$(inherited)",
					"@executable_path/../Frameworks",
				);
				MACOSX_DEPLOYMENT_TARGET = 10.15;
				PRODUCT_BUNDLE_IDENTIFIER = io.kilian.Claudio;
				PRODUCT_NAME = "$(TARGET_NAME)";
				SWIFT_VERSION = 5.0;
			};
			name = Debug;
		};
		3956FA4C247C21360001129D /* Release */ = {
			isa = XCBuildConfiguration;
			buildSettings = {
				ASSETCATALOG_COMPILER_APPICON_NAME = AppIcon;
				CODE_SIGN_ENTITLEMENTS = Claudio/Claudio.entitlements;
				CODE_SIGN_STYLE = Automatic;
				COMBINE_HIDPI_IMAGES = YES;
				DEVELOPMENT_ASSET_PATHS = "\"Claudio/Preview Content\"";
				DEVELOPMENT_TEAM = HU85FER47E;
				ENABLE_HARDENED_RUNTIME = YES;
				ENABLE_PREVIEWS = YES;
				INFOPLIST_FILE = Claudio/Info.plist;
				LD_RUNPATH_SEARCH_PATHS = (
					"$(inherited)",
					"@executable_path/../Frameworks",
				);
				MACOSX_DEPLOYMENT_TARGET = 10.15;
				PRODUCT_BUNDLE_IDENTIFIER = io.kilian.Claudio;
				PRODUCT_NAME = "$(TARGET_NAME)";
				SWIFT_VERSION = 5.0;
			};
			name = Release;
		};
/* End XCBuildConfiguration section */

/* Begin XCConfigurationList section */
		3956FA32247C21320001129D /* Build configuration list for PBXProject "Claudio" */ = {
			isa = XCConfigurationList;
			buildConfigurations = (
				3956FA48247C21360001129D /* Debug */,
				3956FA49247C21360001129D /* Release */,
			);
			defaultConfigurationIsVisible = 0;
			defaultConfigurationName = Release;
		};
		3956FA4A247C21360001129D /* Build configuration list for PBXNativeTarget "Claudio" */ = {
			isa = XCConfigurationList;
			buildConfigurations = (
				3956FA4B247C21360001129D /* Debug */,
				3956FA4C247C21360001129D /* Release */,
			);
			defaultConfigurationIsVisible = 0;
			defaultConfigurationName = Release;
		};
/* End XCConfigurationList section */
	};
	rootObject = 3956FA2F247C21320001129D /* Project object */;
}
